
Microsoft Visual Studio Solution File, Format Version 12.00
# Visual Studio Version 16
VisualStudioVersion = 16.0.30413.136
MinimumVisualStudioVersion = 10.0.40219.1
Project("{9A19103F-16F7-4668-BE54-9A1E7A4F7556}") = "IlViewer.WebApi", "IlViewer.WebApi.csproj", "{6C7482BF-F66D-43BF-9235-FBCC2D366EB2}"
EndProject
Project("{9A19103F-16F7-4668-BE54-9A1E7A4F7556}") = "IlViewer.Core", "..\IlViewer.Core\IlViewer.Core.csproj", "{04990F37-FF26-473A-9C29-7A6084FD9131}"
EndProject
Project("{9A19103F-16F7-4668-BE54-9A1E7A4F7556}") = "IlViewer", "..\IlViewer\IlViewer.csproj", "{5E555611-577C-4EA1-BF56-10813868E0CC}"
EndProject
Global
	GlobalSection(SolutionConfigurationPlatforms) = preSolution
		Debug|Any CPU = Debug|Any CPU
		Release|Any CPU = Release|Any CPU
	EndGlobalSection
	GlobalSection(ProjectConfigurationPlatforms) = postSolution
		{6C7482BF-F66D-43BF-9235-FBCC2D366EB2}.Debug|Any CPU.ActiveCfg = Debug|Any CPU
		{6C7482BF-F66D-43BF-9235-FBCC2D366EB2}.Debug|Any CPU.Build.0 = Debug|Any CPU
		{6C7482BF-F66D-43BF-9235-FBCC2D366EB2}.Release|Any CPU.ActiveCfg = Release|Any CPU
		{6C7482BF-F66D-43BF-9235-FBCC2D366EB2}.Release|Any CPU.Build.0 = Release|Any CPU
		{04990F37-FF26-473A-9C29-7A6084FD9131}.Debug|Any CPU.ActiveCfg = Debug|Any CPU
		{04990F37-FF26-473A-9C29-7A6084FD9131}.Debug|Any CPU.Build.0 = Debug|Any CPU
		{04990F37-FF26-473A-9C29-7A6084FD9131}.Release|Any CPU.ActiveCfg = Release|Any CPU
		{04990F37-FF26-473A-9C29-7A6084FD9131}.Release|Any CPU.Build.0 = Release|Any CPU
		{5E555611-577C-4EA1-BF56-10813868E0CC}.Debug|Any CPU.ActiveCfg = Debug|Any CPU
		{5E555611-577C-4EA1-BF56-10813868E0CC}.Debug|Any CPU.Build.0 = Debug|Any CPU
		{5E555611-577C-4EA1-BF56-10813868E0CC}.Release|Any CPU.ActiveCfg = Release|Any CPU
		{5E555611-577C-4EA1-BF56-10813868E0CC}.Release|Any CPU.Build.0 = Release|Any CPU
	EndGlobalSection
	GlobalSection(SolutionProperties) = preSolution
		HideSolutionNode = FALSE
	EndGlobalSection
	GlobalSection(ExtensibilityGlobals) = postSolution
		SolutionGuid = {5A074A65-1C2F-4B7C-A62F-908CDEF466B6}
	EndGlobalSection
EndGlobal
